
Microsoft Visual Studio Solution File, Format Version 12.00
# Visual Studio Version 16
VisualStudioVersion = 16.0.31729.503
MinimumVisualStudioVersion = 10.0.40219.1
Project("{FAE04EC0-301F-11D3-BF4B-00C04F79EFBC}") = "Space Shooter", "Space Shooter.csproj", "{A2DC737A-7845-4254-B38C-7E6CF5B99F5E}"
EndProject
Global
	GlobalSection(SolutionConfigurationPlatforms) = preSolution
		Debug|Any CPU = Debug|Any CPU
		Release|Any CPU = Release|Any CPU
	EndGlobalSection
	GlobalSection(ProjectConfigurationPlatforms) = postSolution
		{A2DC737A-7845-4254-B38C-7E6CF5B99F5E}.Debug|Any CPU.ActiveCfg = Debug|Any CPU
		{A2DC737A-7845-4254-B38C-7E6CF5B99F5E}.Debug|Any CPU.Build.0 = Debug|Any CPU
		{A2DC737A-7845-4254-B38C-7E6CF5B99F5E}.Release|Any CPU.ActiveCfg = Release|Any CPU
		{A2DC737A-7845-4254-B38C-7E6CF5B99F5E}.Release|Any CPU.Build.0 = Release|Any CPU
	EndGlobalSection
	GlobalSection(SolutionProperties) = preSolution
		HideSolutionNode = FALSE
	EndGlobalSection
	GlobalSection(ExtensibilityGlobals) = postSolution
		SolutionGuid = {443F85A1-0284-4E56-8709-05B9691EDC27}
	EndGlobalSection
EndGlobal
